
Microsoft Visual Studio Solution File, Format Version 12.00
# Visual Studio Version 16
VisualStudioVersion = 16.0.30011.22
MinimumVisualStudioVersion = 10.0.40219.1
Project("{FAE04EC0-301F-11D3-BF4B-00C04F79EFBC}") = "PromotionEngine", "PromotionEngine\PromotionEngine.csproj", "{35665BCB-98AB-453F-81FC-9BD424723174}"
EndProject
Project("{FAE04EC0-301F-11D3-BF4B-00C04F79EFBC}") = "PromotionEngineTest", "PromotionEngineTest\PromotionEngineTest.csproj", "{A56F7860-F391-41A6-A211-B599ED14D462}"
EndProject
Global
	GlobalSection(SolutionConfigurationPlatforms) = preSolution
		Debug|Any CPU = Debug|Any CPU
		Release|Any CPU = Release|Any CPU
	EndGlobalSection
	GlobalSection(ProjectConfigurationPlatforms) = postSolution
		{35665BCB-98AB-453F-81FC-9BD424723174}.Debug|Any CPU.ActiveCfg = Debug|Any CPU
		{35665BCB-98AB-453F-81FC-9BD424723174}.Debug|Any CPU.Build.0 = Debug|Any CPU
		{35665BCB-98AB-453F-81FC-9BD424723174}.Release|Any CPU.ActiveCfg = Release|Any CPU
		{35665BCB-98AB-453F-81FC-9BD424723174}.Release|Any CPU.Build.0 = Release|Any CPU
		{A56F7860-F391-41A6-A211-B599ED14D462}.Debug|Any CPU.ActiveCfg = Debug|Any CPU
		{A56F7860-F391-41A6-A211-B599ED14D462}.Debug|Any CPU.Build.0 = Debug|Any CPU
		{A56F7860-F391-41A6-A211-B599ED14D462}.Release|Any CPU.ActiveCfg = Release|Any CPU
		{A56F7860-F391-41A6-A211-B599ED14D462}.Release|Any CPU.Build.0 = Release|Any CPU
	EndGlobalSection
	GlobalSection(SolutionProperties) = preSolution
		HideSolutionNode = FALSE
	EndGlobalSection
	GlobalSection(ExtensibilityGlobals) = postSolution
		SolutionGuid = {B6BAF5CB-E3BF-4FA3-B587-E97ECB29B878}
	EndGlobalSection
EndGlobal
